
Microsoft Visual Studio Solution File, Format Version 12.00
# Visual Studio 15
VisualStudioVersion = 15.0.28307.329
MinimumVisualStudioVersion = 10.0.40219.1
Project("{9A19103F-16F7-4668-BE54-9A1E7A4F7556}") = "TextDemo", "TextDemo\TextDemo.csproj", "{9354F4B7-05E6-4363-89C3-9A870562D4B3}"
EndProject
Project("{9A19103F-16F7-4668-BE54-9A1E7A4F7556}") = "TextDemo.Model", "TextDemo.Model\TextDemo.Model.csproj", "{B493C679-0D83-4A33-A2C1-FA05A6E0243F}"
EndProject
Project("{9A19103F-16F7-4668-BE54-9A1E7A4F7556}") = "TextDemo.DataAccess", "TextDemo.DataAccess\TextDemo.DataAccess.csproj", "{C5290BD1-8E23-4650-BD0D-45924FF43944}"
EndProject
Project("{9A19103F-16F7-4668-BE54-9A1E7A4F7556}") = "TextDemo.ViewModel", "TextDemo.ViewModel\TextDemo.ViewModel.csproj", "{1D08A22E-2391-4F9C-9346-73F59B4DF804}"
EndProject
Project("{9A19103F-16F7-4668-BE54-9A1E7A4F7556}") = "TextDemo.Test", "TextDemo.Test\TextDemo.Test.csproj", "{A1E49431-6A11-40C5-8BAB-19E1F8E5CEA1}"
EndProject
Global
	GlobalSection(SolutionConfigurationPlatforms) = preSolution
		Debug|Any CPU = Debug|Any CPU
		Release|Any CPU = Release|Any CPU
	EndGlobalSection
	GlobalSection(ProjectConfigurationPlatforms) = postSolution
		{9354F4B7-05E6-4363-89C3-9A870562D4B3}.Debug|Any CPU.ActiveCfg = Debug|Any CPU
		{9354F4B7-05E6-4363-89C3-9A870562D4B3}.Debug|Any CPU.Build.0 = Debug|Any CPU
		{9354F4B7-05E6-4363-89C3-9A870562D4B3}.Release|Any CPU.ActiveCfg = Release|Any CPU
		{9354F4B7-05E6-4363-89C3-9A870562D4B3}.Release|Any CPU.Build.0 = Release|Any CPU
		{B493C679-0D83-4A33-A2C1-FA05A6E0243F}.Debug|Any CPU.ActiveCfg = Debug|Any CPU
		{B493C679-0D83-4A33-A2C1-FA05A6E0243F}.Debug|Any CPU.Build.0 = Debug|Any CPU
		{B493C679-0D83-4A33-A2C1-FA05A6E0243F}.Release|Any CPU.ActiveCfg = Release|Any CPU
		{B493C679-0D83-4A33-A2C1-FA05A6E0243F}.Release|Any CPU.Build.0 = Release|Any CPU
		{C5290BD1-8E23-4650-BD0D-45924FF43944}.Debug|Any CPU.ActiveCfg = Debug|Any CPU
		{C5290BD1-8E23-4650-BD0D-45924FF43944}.Debug|Any CPU.Build.0 = Debug|Any CPU
		{C5290BD1-8E23-4650-BD0D-45924FF43944}.Release|Any CPU.ActiveCfg = Release|Any CPU
		{C5290BD1-8E23-4650-BD0D-45924FF43944}.Release|Any CPU.Build.0 = Release|Any CPU
		{1D08A22E-2391-4F9C-9346-73F59B4DF804}.Debug|Any CPU.ActiveCfg = Debug|Any CPU
		{1D08A22E-2391-4F9C-9346-73F59B4DF804}.Debug|Any CPU.Build.0 = Debug|Any CPU
		{1D08A22E-2391-4F9C-9346-73F59B4DF804}.Release|Any CPU.ActiveCfg = Release|Any CPU
		{1D08A22E-2391-4F9C-9346-73F59B4DF804}.Release|Any CPU.Build.0 = Release|Any CPU
		{A1E49431-6A11-40C5-8BAB-19E1F8E5CEA1}.Debug|Any CPU.ActiveCfg = Debug|Any CPU
		{A1E49431-6A11-40C5-8BAB-19E1F8E5CEA1}.Debug|Any CPU.Build.0 = Debug|Any CPU
		{A1E49431-6A11-40C5-8BAB-19E1F8E5CEA1}.Release|Any CPU.ActiveCfg = Release|Any CPU
		{A1E49431-6A11-40C5-8BAB-19E1F8E5CEA1}.Release|Any CPU.Build.0 = Release|Any CPU
	EndGlobalSection
	GlobalSection(SolutionProperties) = preSolution
		HideSolutionNode = FALSE
	EndGlobalSection
	GlobalSection(ExtensibilityGlobals) = postSolution
		SolutionGuid = {1F219808-E6E8-4C1D-B846-41F2F7CF20FA}
	EndGlobalSection
EndGlobal
